
Microsoft Visual Studio Solution File, Format Version 12.00
# Visual Studio 15
VisualStudioVersion = 15.0.28010.2003
MinimumVisualStudioVersion = 10.0.40219.1
Project("{2150E333-8FDC-42A3-9474-1A3956D46DE8}") = "01Data(数据访问)", "01Data(数据访问)", "{33395AE9-B5B0-46F8-BEB0-94D5E9FC04FC}"
EndProject
Project("{2150E333-8FDC-42A3-9474-1A3956D46DE8}") = "02DataRepository(数据仓储)", "02DataRepository(数据仓储)", "{1AD093BC-3565-4C14-911A-D5D215DDFF1B}"
EndProject
Project("{2150E333-8FDC-42A3-9474-1A3956D46DE8}") = "03Services(业务服务)", "03Services(业务服务)", "{E40D1EDE-5F50-468A-9338-9D7A1DCBC2D2}"
EndProject
Project("{2150E333-8FDC-42A3-9474-1A3956D46DE8}") = "04Commons(公共工具)", "04Commons(公共工具)", "{C839C3DB-8E65-400B-BDEF-BCA31B3E0A34}"
EndProject
Project("{2150E333-8FDC-42A3-9474-1A3956D46DE8}") = "05UI", "05UI", "{82DCD5AB-0ECF-4DD1-88CC-A78736522FA7}"
EndProject
Project("{FAE04EC0-301F-11D3-BF4B-00C04F79EFBC}") = "Blog.Domain", "Blog.Domain\Blog.Domain.csproj", "{30DAA32A-CBE9-44E4-8435-2EB13A59AB1D}"
EndProject
Project("{FAE04EC0-301F-11D3-BF4B-00C04F79EFBC}") = "Blog.IRepository", "Blog.IRepository\Blog.IRepository.csproj", "{2795C22B-DDEB-4C3E-9CBD-0A160A88AAFB}"
EndProject
Project("{FAE04EC0-301F-11D3-BF4B-00C04F79EFBC}") = "Blog.Repository", "Blog.Repository\Blog.Repository.csproj", "{6393C1F1-BD6E-4D98-828D-0DD0D261F84E}"
EndProject
Project("{FAE04EC0-301F-11D3-BF4B-00C04F79EFBC}") = "Blog.IService", "Blog.IService\Blog.IService.csproj", "{61F572B0-C1ED-47FB-B0B1-208790D33975}"
EndProject
Project("{FAE04EC0-301F-11D3-BF4B-00C04F79EFBC}") = "Blog.Service", "Blog.Service\Blog.Service.csproj", "{257F21EE-8A0E-4B74-AA02-A10F96F1BD74}"
EndProject
Project("{FAE04EC0-301F-11D3-BF4B-00C04F79EFBC}") = "Blog.Common", "Blog.Common\Blog.Common.csproj", "{24CDAAB9-7D78-43CB-B189-38EDCD8099EC}"
EndProject
Project("{FAE04EC0-301F-11D3-BF4B-00C04F79EFBC}") = "Blog.WebCore", "Blog.WebCore\Blog.WebCore.csproj", "{ACFE0742-5551-42AE-89B3-1CD22D07A0BB}"
EndProject
Project("{FAE04EC0-301F-11D3-BF4B-00C04F79EFBC}") = "Blog.WebApi", "Blog.WebApi\Blog.WebApi.csproj", "{8323CFFD-8A31-46B6-BBF2-6D626B71251B}"
EndProject
Project("{FAE04EC0-301F-11D3-BF4B-00C04F79EFBC}") = "RepositoryRegisters", "Registers\RepositoryRegisters.csproj", "{66600303-FC76-4618-A47F-BA0A026FBE69}"
EndProject
Project("{FAE04EC0-301F-11D3-BF4B-00C04F79EFBC}") = "ServicesRegisters", "ServicesRegisters\ServicesRegisters.csproj", "{FE725091-EAD0-4662-9A49-ED5897590558}"
EndProject
Project("{FAE04EC0-301F-11D3-BF4B-00C04F79EFBC}") = "Blog.ViewModels", "Blog.ViewModels\Blog.ViewModels.csproj", "{081B05EB-4A9E-450C-B755-0CA6B78CB861}"
EndProject
Project("{FAE04EC0-301F-11D3-BF4B-00C04F79EFBC}") = "Blog.WebUI", "Blog.WebUI\Blog.WebUI.csproj", "{00872893-2C3B-4838-9678-8484F96D32CA}"
EndProject
Global
	GlobalSection(SolutionConfigurationPlatforms) = preSolution
		Debug|Any CPU = Debug|Any CPU
		Release|Any CPU = Release|Any CPU
	EndGlobalSection
	GlobalSection(ProjectConfigurationPlatforms) = postSolution
		{30DAA32A-CBE9-44E4-8435-2EB13A59AB1D}.Debug|Any CPU.ActiveCfg = Debug|Any CPU
		{30DAA32A-CBE9-44E4-8435-2EB13A59AB1D}.Debug|Any CPU.Build.0 = Debug|Any CPU
		{30DAA32A-CBE9-44E4-8435-2EB13A59AB1D}.Release|Any CPU.ActiveCfg = Release|Any CPU
		{30DAA32A-CBE9-44E4-8435-2EB13A59AB1D}.Release|Any CPU.Build.0 = Release|Any CPU
		{2795C22B-DDEB-4C3E-9CBD-0A160A88AAFB}.Debug|Any CPU.ActiveCfg = Debug|Any CPU
		{2795C22B-DDEB-4C3E-9CBD-0A160A88AAFB}.Debug|Any CPU.Build.0 = Debug|Any CPU
		{2795C22B-DDEB-4C3E-9CBD-0A160A88AAFB}.Release|Any CPU.ActiveCfg = Release|Any CPU
		{2795C22B-DDEB-4C3E-9CBD-0A160A88AAFB}.Release|Any CPU.Build.0 = Release|Any CPU
		{6393C1F1-BD6E-4D98-828D-0DD0D261F84E}.Debug|Any CPU.ActiveCfg = Debug|Any CPU
		{6393C1F1-BD6E-4D98-828D-0DD0D261F84E}.Debug|Any CPU.Build.0 = Debug|Any CPU
		{6393C1F1-BD6E-4D98-828D-0DD0D261F84E}.Release|Any CPU.ActiveCfg = Release|Any CPU
		{6393C1F1-BD6E-4D98-828D-0DD0D261F84E}.Release|Any CPU.Build.0 = Release|Any CPU
		{61F572B0-C1ED-47FB-B0B1-208790D33975}.Debug|Any CPU.ActiveCfg = Debug|Any CPU
		{61F572B0-C1ED-47FB-B0B1-208790D33975}.Debug|Any CPU.Build.0 = Debug|Any CPU
		{61F572B0-C1ED-47FB-B0B1-208790D33975}.Release|Any CPU.ActiveCfg = Release|Any CPU
		{61F572B0-C1ED-47FB-B0B1-208790D33975}.Release|Any CPU.Build.0 = Release|Any CPU
		{257F21EE-8A0E-4B74-AA02-A10F96F1BD74}.Debug|Any CPU.ActiveCfg = Debug|Any CPU
		{257F21EE-8A0E-4B74-AA02-A10F96F1BD74}.Debug|Any CPU.Build.0 = Debug|Any CPU
		{257F21EE-8A0E-4B74-AA02-A10F96F1BD74}.Release|Any CPU.ActiveCfg = Release|Any CPU
		{257F21EE-8A0E-4B74-AA02-A10F96F1BD74}.Release|Any CPU.Build.0 = Release|Any CPU
		{24CDAAB9-7D78-43CB-B189-38EDCD8099EC}.Debug|Any CPU.ActiveCfg = Debug|Any CPU
		{24CDAAB9-7D78-43CB-B189-38EDCD8099EC}.Debug|Any CPU.Build.0 = Debug|Any CPU
		{24CDAAB9-7D78-43CB-B189-38EDCD8099EC}.Release|Any CPU.ActiveCfg = Release|Any CPU
		{24CDAAB9-7D78-43CB-B189-38EDCD8099EC}.Release|Any CPU.Build.0 = Release|Any CPU
		{ACFE0742-5551-42AE-89B3-1CD22D07A0BB}.Debug|Any CPU.ActiveCfg = Debug|Any CPU
		{ACFE0742-5551-42AE-89B3-1CD22D07A0BB}.Debug|Any CPU.Build.0 = Debug|Any CPU
		{ACFE0742-5551-42AE-89B3-1CD22D07A0BB}.Release|Any CPU.ActiveCfg = Release|Any CPU
		{ACFE0742-5551-42AE-89B3-1CD22D07A0BB}.Release|Any CPU.Build.0 = Release|Any CPU
		{8323CFFD-8A31-46B6-BBF2-6D626B71251B}.Debug|Any CPU.ActiveCfg = Debug|Any CPU
		{8323CFFD-8A31-46B6-BBF2-6D626B71251B}.Debug|Any CPU.Build.0 = Debug|Any CPU
		{8323CFFD-8A31-46B6-BBF2-6D626B71251B}.Release|Any CPU.ActiveCfg = Release|Any CPU
		{8323CFFD-8A31-46B6-BBF2-6D626B71251B}.Release|Any CPU.Build.0 = Release|Any CPU
		{66600303-FC76-4618-A47F-BA0A026FBE69}.Debug|Any CPU.ActiveCfg = Debug|Any CPU
		{66600303-FC76-4618-A47F-BA0A026FBE69}.Debug|Any CPU.Build.0 = Debug|Any CPU
		{66600303-FC76-4618-A47F-BA0A026FBE69}.Release|Any CPU.ActiveCfg = Release|Any CPU
		{66600303-FC76-4618-A47F-BA0A026FBE69}.Release|Any CPU.Build.0 = Release|Any CPU
		{FE725091-EAD0-4662-9A49-ED5897590558}.Debug|Any CPU.ActiveCfg = Debug|Any CPU
		{FE725091-EAD0-4662-9A49-ED5897590558}.Debug|Any CPU.Build.0 = Debug|Any CPU
		{FE725091-EAD0-4662-9A49-ED5897590558}.Release|Any CPU.ActiveCfg = Release|Any CPU
		{FE725091-EAD0-4662-9A49-ED5897590558}.Release|Any CPU.Build.0 = Release|Any CPU
		{081B05EB-4A9E-450C-B755-0CA6B78CB861}.Debug|Any CPU.ActiveCfg = Debug|Any CPU
		{081B05EB-4A9E-450C-B755-0CA6B78CB861}.Debug|Any CPU.Build.0 = Debug|Any CPU
		{081B05EB-4A9E-450C-B755-0CA6B78CB861}.Release|Any CPU.ActiveCfg = Release|Any CPU
		{081B05EB-4A9E-450C-B755-0CA6B78CB861}.Release|Any CPU.Build.0 = Release|Any CPU
		{00872893-2C3B-4838-9678-8484F96D32CA}.Debug|Any CPU.ActiveCfg = Debug|Any CPU
		{00872893-2C3B-4838-9678-8484F96D32CA}.Debug|Any CPU.Build.0 = Debug|Any CPU
		{00872893-2C3B-4838-9678-8484F96D32CA}.Release|Any CPU.ActiveCfg = Release|Any CPU
		{00872893-2C3B-4838-9678-8484F96D32CA}.Release|Any CPU.Build.0 = Release|Any CPU
	EndGlobalSection
	GlobalSection(SolutionProperties) = preSolution
		HideSolutionNode = FALSE
	EndGlobalSection
	GlobalSection(NestedProjects) = preSolution
		{30DAA32A-CBE9-44E4-8435-2EB13A59AB1D} = {33395AE9-B5B0-46F8-BEB0-94D5E9FC04FC}
		{2795C22B-DDEB-4C3E-9CBD-0A160A88AAFB} = {1AD093BC-3565-4C14-911A-D5D215DDFF1B}
		{6393C1F1-BD6E-4D98-828D-0DD0D261F84E} = {1AD093BC-3565-4C14-911A-D5D215DDFF1B}
		{61F572B0-C1ED-47FB-B0B1-208790D33975} = {E40D1EDE-5F50-468A-9338-9D7A1DCBC2D2}
		{257F21EE-8A0E-4B74-AA02-A10F96F1BD74} = {E40D1EDE-5F50-468A-9338-9D7A1DCBC2D2}
		{24CDAAB9-7D78-43CB-B189-38EDCD8099EC} = {C839C3DB-8E65-400B-BDEF-BCA31B3E0A34}
		{ACFE0742-5551-42AE-89B3-1CD22D07A0BB} = {82DCD5AB-0ECF-4DD1-88CC-A78736522FA7}
		{8323CFFD-8A31-46B6-BBF2-6D626B71251B} = {82DCD5AB-0ECF-4DD1-88CC-A78736522FA7}
		{66600303-FC76-4618-A47F-BA0A026FBE69} = {1AD093BC-3565-4C14-911A-D5D215DDFF1B}
		{FE725091-EAD0-4662-9A49-ED5897590558} = {E40D1EDE-5F50-468A-9338-9D7A1DCBC2D2}
		{081B05EB-4A9E-450C-B755-0CA6B78CB861} = {82DCD5AB-0ECF-4DD1-88CC-A78736522FA7}
		{00872893-2C3B-4838-9678-8484F96D32CA} = {82DCD5AB-0ECF-4DD1-88CC-A78736522FA7}
	EndGlobalSection
	GlobalSection(ExtensibilityGlobals) = postSolution
		SolutionGuid = {EC699002-5081-45AD-9161-236762D38422}
	EndGlobalSection
EndGlobal
