
Microsoft Visual Studio Solution File, Format Version 12.00
# Visual Studio 15
VisualStudioVersion = 15.0.28010.2003
MinimumVisualStudioVersion = 10.0.40219.1
Project("{FAE04EC0-301F-11D3-BF4B-00C04F79EFBC}") = "MVCIdentity", "MVCIdentity\MVCIdentity.csproj", "{A61D3253-FAC1-4AB9-94EE-C32E99CDAB1A}"
EndProject
Project("{FAE04EC0-301F-11D3-BF4B-00C04F79EFBC}") = "WebApplication1", "WebApplication1\WebApplication1.csproj", "{EFCE65AB-7294-42B7-A007-076407E265D4}"
EndProject
Global
	GlobalSection(SolutionConfigurationPlatforms) = preSolution
		Debug|Any CPU = Debug|Any CPU
		Release|Any CPU = Release|Any CPU
	EndGlobalSection
	GlobalSection(ProjectConfigurationPlatforms) = postSolution
		{A61D3253-FAC1-4AB9-94EE-C32E99CDAB1A}.Debug|Any CPU.ActiveCfg = Debug|Any CPU
		{A61D3253-FAC1-4AB9-94EE-C32E99CDAB1A}.Debug|Any CPU.Build.0 = Debug|Any CPU
		{A61D3253-FAC1-4AB9-94EE-C32E99CDAB1A}.Release|Any CPU.ActiveCfg = Release|Any CPU
		{A61D3253-FAC1-4AB9-94EE-C32E99CDAB1A}.Release|Any CPU.Build.0 = Release|Any CPU
		{EFCE65AB-7294-42B7-A007-076407E265D4}.Debug|Any CPU.ActiveCfg = Debug|Any CPU
		{EFCE65AB-7294-42B7-A007-076407E265D4}.Debug|Any CPU.Build.0 = Debug|Any CPU
		{EFCE65AB-7294-42B7-A007-076407E265D4}.Release|Any CPU.ActiveCfg = Release|Any CPU
		{EFCE65AB-7294-42B7-A007-076407E265D4}.Release|Any CPU.Build.0 = Release|Any CPU
	EndGlobalSection
	GlobalSection(SolutionProperties) = preSolution
		HideSolutionNode = FALSE
	EndGlobalSection
	GlobalSection(ExtensibilityGlobals) = postSolution
		SolutionGuid = {D1FFD5C9-B774-4395-AF01-FE35BA168D0B}
	EndGlobalSection
EndGlobal
